
Microsoft Visual Studio Solution File, Format Version 12.00
# Visual Studio Version 16
VisualStudioVersion = 16.0.29009.5
MinimumVisualStudioVersion = 10.0.40219.1
Project("{2150E333-8FDC-42A3-9474-1A3956D46DE8}") = "src", "src", "{C243FF0E-FA80-4C4C-8B5E-AD681D54E07A}"
EndProject
Project("{9A19103F-16F7-4668-BE54-9A1E7A4F7556}") = "Nucleus.Core", "src\Nucleus.Core\Nucleus.Core.csproj", "{6207C896-3D8A-4249-BD8A-D909A4976D20}"
EndProject
Project("{9A19103F-16F7-4668-BE54-9A1E7A4F7556}") = "Nucleus.EntityFramework", "src\Nucleus.EntityFramework\Nucleus.EntityFramework.csproj", "{A2C3DBC0-716D-4A65-84B7-4DFD0BF746AC}"
EndProject
Project("{9A19103F-16F7-4668-BE54-9A1E7A4F7556}") = "Nucleus.Utilities", "src\Nucleus.Utilities\Nucleus.Utilities.csproj", "{CE6E50E2-F7F9-401F-B30E-34BB01425B18}"
EndProject
Project("{9A19103F-16F7-4668-BE54-9A1E7A4F7556}") = "Nucleus.Application", "src\Nucleus.Application\Nucleus.Application.csproj", "{C0530CDF-E3A8-42FB-9BD0-44097F6A29EF}"
EndProject
Project("{9A19103F-16F7-4668-BE54-9A1E7A4F7556}") = "Nucleus.Web.Core", "src\Nucleus.Web.Core\Nucleus.Web.Core.csproj", "{99310689-8D19-41EA-8718-A85F782305DA}"
EndProject
Project("{9A19103F-16F7-4668-BE54-9A1E7A4F7556}") = "Nucleus.Web.Api", "src\Nucleus.Web.Api\Nucleus.Web.Api.csproj", "{22714FD2-9B05-4AEB-8F28-533D02574328}"
EndProject
Project("{2150E333-8FDC-42A3-9474-1A3956D46DE8}") = "test", "test", "{B7A0D987-5893-493C-A60A-8F1818D931E0}"
EndProject
Project("{9A19103F-16F7-4668-BE54-9A1E7A4F7556}") = "Nucleus.Tests.Shared", "test\Nucleus.Tests.Shared\Nucleus.Tests.Shared.csproj", "{114AFE01-0628-451E-AD9A-5FFEA231022B}"
EndProject
Project("{9A19103F-16F7-4668-BE54-9A1E7A4F7556}") = "Nucleus.Tests.Application", "test\Nucleus.Tests.Application\Nucleus.Tests.Application.csproj", "{B842DDCA-1842-49FF-BE41-658AF772ED18}"
EndProject
Project("{9A19103F-16F7-4668-BE54-9A1E7A4F7556}") = "Nucleus.Tests.Web.Api", "test\Nucleus.Tests.Web.Api\Nucleus.Tests.Web.Api.csproj", "{02306886-8DC2-4E72-BF50-CA2EF5626794}"
EndProject
Global
	GlobalSection(SolutionConfigurationPlatforms) = preSolution
		Debug|Any CPU = Debug|Any CPU
		Release|Any CPU = Release|Any CPU
	EndGlobalSection
	GlobalSection(ProjectConfigurationPlatforms) = postSolution
		{6207C896-3D8A-4249-BD8A-D909A4976D20}.Debug|Any CPU.ActiveCfg = Debug|Any CPU
		{6207C896-3D8A-4249-BD8A-D909A4976D20}.Debug|Any CPU.Build.0 = Debug|Any CPU
		{6207C896-3D8A-4249-BD8A-D909A4976D20}.Release|Any CPU.ActiveCfg = Release|Any CPU
		{6207C896-3D8A-4249-BD8A-D909A4976D20}.Release|Any CPU.Build.0 = Release|Any CPU
		{A2C3DBC0-716D-4A65-84B7-4DFD0BF746AC}.Debug|Any CPU.ActiveCfg = Debug|Any CPU
		{A2C3DBC0-716D-4A65-84B7-4DFD0BF746AC}.Debug|Any CPU.Build.0 = Debug|Any CPU
		{A2C3DBC0-716D-4A65-84B7-4DFD0BF746AC}.Release|Any CPU.ActiveCfg = Release|Any CPU
		{A2C3DBC0-716D-4A65-84B7-4DFD0BF746AC}.Release|Any CPU.Build.0 = Release|Any CPU
		{CE6E50E2-F7F9-401F-B30E-34BB01425B18}.Debug|Any CPU.ActiveCfg = Debug|Any CPU
		{CE6E50E2-F7F9-401F-B30E-34BB01425B18}.Debug|Any CPU.Build.0 = Debug|Any CPU
		{CE6E50E2-F7F9-401F-B30E-34BB01425B18}.Release|Any CPU.ActiveCfg = Release|Any CPU
		{CE6E50E2-F7F9-401F-B30E-34BB01425B18}.Release|Any CPU.Build.0 = Release|Any CPU
		{C0530CDF-E3A8-42FB-9BD0-44097F6A29EF}.Debug|Any CPU.ActiveCfg = Debug|Any CPU
		{C0530CDF-E3A8-42FB-9BD0-44097F6A29EF}.Debug|Any CPU.Build.0 = Debug|Any CPU
		{C0530CDF-E3A8-42FB-9BD0-44097F6A29EF}.Release|Any CPU.ActiveCfg = Release|Any CPU
		{C0530CDF-E3A8-42FB-9BD0-44097F6A29EF}.Release|Any CPU.Build.0 = Release|Any CPU
		{99310689-8D19-41EA-8718-A85F782305DA}.Debug|Any CPU.ActiveCfg = Debug|Any CPU
		{99310689-8D19-41EA-8718-A85F782305DA}.Debug|Any CPU.Build.0 = Debug|Any CPU
		{99310689-8D19-41EA-8718-A85F782305DA}.Release|Any CPU.ActiveCfg = Release|Any CPU
		{99310689-8D19-41EA-8718-A85F782305DA}.Release|Any CPU.Build.0 = Release|Any CPU
		{22714FD2-9B05-4AEB-8F28-533D02574328}.Debug|Any CPU.ActiveCfg = Debug|Any CPU
		{22714FD2-9B05-4AEB-8F28-533D02574328}.Debug|Any CPU.Build.0 = Debug|Any CPU
		{22714FD2-9B05-4AEB-8F28-533D02574328}.Release|Any CPU.ActiveCfg = Release|Any CPU
		{22714FD2-9B05-4AEB-8F28-533D02574328}.Release|Any CPU.Build.0 = Release|Any CPU
		{114AFE01-0628-451E-AD9A-5FFEA231022B}.Debug|Any CPU.ActiveCfg = Debug|Any CPU
		{114AFE01-0628-451E-AD9A-5FFEA231022B}.Debug|Any CPU.Build.0 = Debug|Any CPU
		{114AFE01-0628-451E-AD9A-5FFEA231022B}.Release|Any CPU.ActiveCfg = Release|Any CPU
		{114AFE01-0628-451E-AD9A-5FFEA231022B}.Release|Any CPU.Build.0 = Release|Any CPU
		{B842DDCA-1842-49FF-BE41-658AF772ED18}.Debug|Any CPU.ActiveCfg = Debug|Any CPU
		{B842DDCA-1842-49FF-BE41-658AF772ED18}.Debug|Any CPU.Build.0 = Debug|Any CPU
		{B842DDCA-1842-49FF-BE41-658AF772ED18}.Release|Any CPU.ActiveCfg = Release|Any CPU
		{B842DDCA-1842-49FF-BE41-658AF772ED18}.Release|Any CPU.Build.0 = Release|Any CPU
		{02306886-8DC2-4E72-BF50-CA2EF5626794}.Debug|Any CPU.ActiveCfg = Debug|Any CPU
		{02306886-8DC2-4E72-BF50-CA2EF5626794}.Debug|Any CPU.Build.0 = Debug|Any CPU
		{02306886-8DC2-4E72-BF50-CA2EF5626794}.Release|Any CPU.ActiveCfg = Release|Any CPU
		{02306886-8DC2-4E72-BF50-CA2EF5626794}.Release|Any CPU.Build.0 = Release|Any CPU
		{0EECF1EB-9747-4FB4-A229-32DCEE7D504D}.Debug|Any CPU.ActiveCfg = Debug|Any CPU
		{0EECF1EB-9747-4FB4-A229-32DCEE7D504D}.Debug|Any CPU.Build.0 = Debug|Any CPU
		{0EECF1EB-9747-4FB4-A229-32DCEE7D504D}.Release|Any CPU.ActiveCfg = Release|Any CPU
		{0EECF1EB-9747-4FB4-A229-32DCEE7D504D}.Release|Any CPU.Build.0 = Release|Any CPU
	EndGlobalSection
	GlobalSection(SolutionProperties) = preSolution
		HideSolutionNode = FALSE
	EndGlobalSection
	GlobalSection(NestedProjects) = preSolution
		{6207C896-3D8A-4249-BD8A-D909A4976D20} = {C243FF0E-FA80-4C4C-8B5E-AD681D54E07A}
		{A2C3DBC0-716D-4A65-84B7-4DFD0BF746AC} = {C243FF0E-FA80-4C4C-8B5E-AD681D54E07A}
		{CE6E50E2-F7F9-401F-B30E-34BB01425B18} = {C243FF0E-FA80-4C4C-8B5E-AD681D54E07A}
		{C0530CDF-E3A8-42FB-9BD0-44097F6A29EF} = {C243FF0E-FA80-4C4C-8B5E-AD681D54E07A}
		{99310689-8D19-41EA-8718-A85F782305DA} = {C243FF0E-FA80-4C4C-8B5E-AD681D54E07A}
		{22714FD2-9B05-4AEB-8F28-533D02574328} = {C243FF0E-FA80-4C4C-8B5E-AD681D54E07A}
		{114AFE01-0628-451E-AD9A-5FFEA231022B} = {B7A0D987-5893-493C-A60A-8F1818D931E0}
		{B842DDCA-1842-49FF-BE41-658AF772ED18} = {B7A0D987-5893-493C-A60A-8F1818D931E0}
		{02306886-8DC2-4E72-BF50-CA2EF5626794} = {B7A0D987-5893-493C-A60A-8F1818D931E0}
		{0EECF1EB-9747-4FB4-A229-32DCEE7D504D} = {C243FF0E-FA80-4C4C-8B5E-AD681D54E07A}
	EndGlobalSection
	GlobalSection(ExtensibilityGlobals) = postSolution
		SolutionGuid = {F0972965-9C8E-4058-BC88-3DFF23CFA05A}
	EndGlobalSection
EndGlobal
