
Microsoft Visual Studio Solution File, Format Version 12.00
# Visual Studio 15
VisualStudioVersion = 15.0.27703.2042
MinimumVisualStudioVersion = 10.0.40219.1
Project("{2150E333-8FDC-42A3-9474-1A3956D46DE8}") = "test", "test", "{51A63C9A-CAB5-4B1A-A226-C68A20315AD4}"
EndProject
Project("{2150E333-8FDC-42A3-9474-1A3956D46DE8}") = "src", "src", "{CBE903BE-AD0D-4857-98E4-CCA1AD73902E}"
EndProject
Project("{2150E333-8FDC-42A3-9474-1A3956D46DE8}") = "doc", "doc", "{47DBDDFE-C870-4057-8312-219461BA268C}"
EndProject
Project("{9A19103F-16F7-4668-BE54-9A1E7A4F7556}") = "Nucleus.Application", "src\Nucleus.Application\Nucleus.Application.csproj", "{788EBFEF-7A50-4AB7-807A-4147D49E237E}"
EndProject
Project("{9A19103F-16F7-4668-BE54-9A1E7A4F7556}") = "Nucleus.EntityFramework", "src\Nucleus.EntityFramework\Nucleus.EntityFramework.csproj", "{73195EBE-BDE4-428C-865D-E7F589F3DD52}"
EndProject
Project("{9A19103F-16F7-4668-BE54-9A1E7A4F7556}") = "Nucleus.Utilities", "src\Nucleus.Utilities\Nucleus.Utilities.csproj", "{12016ADA-4C14-4D82-88A9-2A2A65A8F869}"
EndProject
Project("{9A19103F-16F7-4668-BE54-9A1E7A4F7556}") = "Nucleus.Web.Core", "src\Nucleus.Web.Core\Nucleus.Web.Core.csproj", "{FFDC2C0F-1B2A-4311-85F9-CE9716696F50}"
EndProject
Project("{9A19103F-16F7-4668-BE54-9A1E7A4F7556}") = "Nucleus.Core", "src\Nucleus.Core\Nucleus.Core.csproj", "{4BBE5781-7BF2-4F9C-8FBC-8C9FD5F03FE5}"
EndProject
Project("{9A19103F-16F7-4668-BE54-9A1E7A4F7556}") = "Nucleus.Web.Api", "src\Nucleus.Web.Api\Nucleus.Web.Api.csproj", "{3BCD7CDA-7CDC-44A7-873F-47BF714EEC7C}"
EndProject
Project("{9A19103F-16F7-4668-BE54-9A1E7A4F7556}") = "Nucleus.Tests.Shared", "test\Nucleus.Tests.Shared\Nucleus.Tests.Shared.csproj", "{44E30F75-6B9B-47B1-9361-79467C735F48}"
EndProject
Project("{9A19103F-16F7-4668-BE54-9A1E7A4F7556}") = "Nucleus.Tests.Application", "test\Nucleus.Tests.Application\Nucleus.Tests.Application.csproj", "{F326A153-8273-4D88-AEAE-F7C0BEB15732}"
EndProject
Project("{9A19103F-16F7-4668-BE54-9A1E7A4F7556}") = "Nucleus.Tests.Web.Api", "test\Nucleus.Tests.Web.Api\Nucleus.Tests.Web.Api.csproj", "{E36E92AC-E12D-4B70-A355-6CBC1AFDAB43}"
EndProject
Project("{FAE04EC0-301F-11D3-BF4B-00C04F79EFBC}") = "Nucleus.Web.Vue", "src\Nucleus.Web.Vue\Nucleus.Web.Vue.csproj", "{3979C24B-DFE1-4090-9743-8DFA9C52878E}"
EndProject
Global
	GlobalSection(SolutionConfigurationPlatforms) = preSolution
		Debug|Any CPU = Debug|Any CPU
		Release|Any CPU = Release|Any CPU
	EndGlobalSection
	GlobalSection(ProjectConfigurationPlatforms) = postSolution
		{788EBFEF-7A50-4AB7-807A-4147D49E237E}.Debug|Any CPU.ActiveCfg = Debug|Any CPU
		{788EBFEF-7A50-4AB7-807A-4147D49E237E}.Debug|Any CPU.Build.0 = Debug|Any CPU
		{788EBFEF-7A50-4AB7-807A-4147D49E237E}.Release|Any CPU.ActiveCfg = Release|Any CPU
		{788EBFEF-7A50-4AB7-807A-4147D49E237E}.Release|Any CPU.Build.0 = Release|Any CPU
		{73195EBE-BDE4-428C-865D-E7F589F3DD52}.Debug|Any CPU.ActiveCfg = Debug|Any CPU
		{73195EBE-BDE4-428C-865D-E7F589F3DD52}.Debug|Any CPU.Build.0 = Debug|Any CPU
		{73195EBE-BDE4-428C-865D-E7F589F3DD52}.Release|Any CPU.ActiveCfg = Release|Any CPU
		{73195EBE-BDE4-428C-865D-E7F589F3DD52}.Release|Any CPU.Build.0 = Release|Any CPU
		{12016ADA-4C14-4D82-88A9-2A2A65A8F869}.Debug|Any CPU.ActiveCfg = Debug|Any CPU
		{12016ADA-4C14-4D82-88A9-2A2A65A8F869}.Debug|Any CPU.Build.0 = Debug|Any CPU
		{12016ADA-4C14-4D82-88A9-2A2A65A8F869}.Release|Any CPU.ActiveCfg = Release|Any CPU
		{12016ADA-4C14-4D82-88A9-2A2A65A8F869}.Release|Any CPU.Build.0 = Release|Any CPU
		{FFDC2C0F-1B2A-4311-85F9-CE9716696F50}.Debug|Any CPU.ActiveCfg = Debug|Any CPU
		{FFDC2C0F-1B2A-4311-85F9-CE9716696F50}.Debug|Any CPU.Build.0 = Debug|Any CPU
		{FFDC2C0F-1B2A-4311-85F9-CE9716696F50}.Release|Any CPU.ActiveCfg = Release|Any CPU
		{FFDC2C0F-1B2A-4311-85F9-CE9716696F50}.Release|Any CPU.Build.0 = Release|Any CPU
		{4BBE5781-7BF2-4F9C-8FBC-8C9FD5F03FE5}.Debug|Any CPU.ActiveCfg = Debug|Any CPU
		{4BBE5781-7BF2-4F9C-8FBC-8C9FD5F03FE5}.Debug|Any CPU.Build.0 = Debug|Any CPU
		{4BBE5781-7BF2-4F9C-8FBC-8C9FD5F03FE5}.Release|Any CPU.ActiveCfg = Release|Any CPU
		{4BBE5781-7BF2-4F9C-8FBC-8C9FD5F03FE5}.Release|Any CPU.Build.0 = Release|Any CPU
		{3BCD7CDA-7CDC-44A7-873F-47BF714EEC7C}.Debug|Any CPU.ActiveCfg = Debug|Any CPU
		{3BCD7CDA-7CDC-44A7-873F-47BF714EEC7C}.Debug|Any CPU.Build.0 = Debug|Any CPU
		{3BCD7CDA-7CDC-44A7-873F-47BF714EEC7C}.Release|Any CPU.ActiveCfg = Release|Any CPU
		{3BCD7CDA-7CDC-44A7-873F-47BF714EEC7C}.Release|Any CPU.Build.0 = Release|Any CPU
		{44E30F75-6B9B-47B1-9361-79467C735F48}.Debug|Any CPU.ActiveCfg = Debug|Any CPU
		{44E30F75-6B9B-47B1-9361-79467C735F48}.Debug|Any CPU.Build.0 = Debug|Any CPU
		{44E30F75-6B9B-47B1-9361-79467C735F48}.Release|Any CPU.ActiveCfg = Release|Any CPU
		{44E30F75-6B9B-47B1-9361-79467C735F48}.Release|Any CPU.Build.0 = Release|Any CPU
		{F326A153-8273-4D88-AEAE-F7C0BEB15732}.Debug|Any CPU.ActiveCfg = Debug|Any CPU
		{F326A153-8273-4D88-AEAE-F7C0BEB15732}.Debug|Any CPU.Build.0 = Debug|Any CPU
		{F326A153-8273-4D88-AEAE-F7C0BEB15732}.Release|Any CPU.ActiveCfg = Release|Any CPU
		{F326A153-8273-4D88-AEAE-F7C0BEB15732}.Release|Any CPU.Build.0 = Release|Any CPU
		{E36E92AC-E12D-4B70-A355-6CBC1AFDAB43}.Debug|Any CPU.ActiveCfg = Debug|Any CPU
		{E36E92AC-E12D-4B70-A355-6CBC1AFDAB43}.Debug|Any CPU.Build.0 = Debug|Any CPU
		{E36E92AC-E12D-4B70-A355-6CBC1AFDAB43}.Release|Any CPU.ActiveCfg = Release|Any CPU
		{E36E92AC-E12D-4B70-A355-6CBC1AFDAB43}.Release|Any CPU.Build.0 = Release|Any CPU
		{3979C24B-DFE1-4090-9743-8DFA9C52878E}.Debug|Any CPU.ActiveCfg = Debug|Any CPU
		{3979C24B-DFE1-4090-9743-8DFA9C52878E}.Debug|Any CPU.Build.0 = Debug|Any CPU
		{3979C24B-DFE1-4090-9743-8DFA9C52878E}.Release|Any CPU.ActiveCfg = Release|Any CPU
		{3979C24B-DFE1-4090-9743-8DFA9C52878E}.Release|Any CPU.Build.0 = Release|Any CPU
	EndGlobalSection
	GlobalSection(SolutionProperties) = preSolution
		HideSolutionNode = FALSE
	EndGlobalSection
	GlobalSection(NestedProjects) = preSolution
		{788EBFEF-7A50-4AB7-807A-4147D49E237E} = {CBE903BE-AD0D-4857-98E4-CCA1AD73902E}
		{73195EBE-BDE4-428C-865D-E7F589F3DD52} = {CBE903BE-AD0D-4857-98E4-CCA1AD73902E}
		{12016ADA-4C14-4D82-88A9-2A2A65A8F869} = {CBE903BE-AD0D-4857-98E4-CCA1AD73902E}
		{FFDC2C0F-1B2A-4311-85F9-CE9716696F50} = {CBE903BE-AD0D-4857-98E4-CCA1AD73902E}
		{4BBE5781-7BF2-4F9C-8FBC-8C9FD5F03FE5} = {CBE903BE-AD0D-4857-98E4-CCA1AD73902E}
		{3BCD7CDA-7CDC-44A7-873F-47BF714EEC7C} = {CBE903BE-AD0D-4857-98E4-CCA1AD73902E}
		{44E30F75-6B9B-47B1-9361-79467C735F48} = {51A63C9A-CAB5-4B1A-A226-C68A20315AD4}
		{F326A153-8273-4D88-AEAE-F7C0BEB15732} = {51A63C9A-CAB5-4B1A-A226-C68A20315AD4}
		{E36E92AC-E12D-4B70-A355-6CBC1AFDAB43} = {51A63C9A-CAB5-4B1A-A226-C68A20315AD4}
		{3979C24B-DFE1-4090-9743-8DFA9C52878E} = {CBE903BE-AD0D-4857-98E4-CCA1AD73902E}
	EndGlobalSection
	GlobalSection(ExtensibilityGlobals) = postSolution
		SolutionGuid = {88064184-5E5C-4366-AA19-B3A9D50666E1}
	EndGlobalSection
EndGlobal
